{
  "name": "localrag",
  "version": "1.0.0",
  "lockfileVersion": 3,
  "requires": true,
  "packages": {
    "": {
      "name": "localrag",
      "version": "1.0.0",
      "license": "ISC",
      "dependencies": {
        "foundry-local-sdk-winml": "^1.2.4",
        "openai": "^7.4.0"
      }
    },
    "node_modules/adm-zip": {
      "version": "0.5.18",
      "resolved": "https://registry.npmjs.org/adm-zip/-/adm-zip-0.5.18.tgz",
      "integrity": "sha512-ufJnssQGbxzLNS1Ho9bCtX4rQKCCvoVuDLHoJyc3F9dOGDB4BkWs2Ci0kv53lqocAEQ/Cbi+I2XCsNYGqVYqng==",
      "license": "MIT",
      "engines": {
        "node": ">=12.0"
      }
    },
    "node_modules/foundry-local-sdk": {
      "version": "1.2.4",
      "resolved": "https://registry.npmjs.org/foundry-local-sdk/-/foundry-local-sdk-1.2.4.tgz",
      "integrity": "sha512-S7VrmEq24feBipmy3HYFqW7BSbvnlcw08pNUxtRyP2jMqL/ZPhBwzqbomVGSLfUdTBlOWJGyIzHynp/cwBPxmA==",
      "hasInstallScript": true,
      "license": "MIT",
      "dependencies": {
        "adm-zip": "^0.5.16"
      }
    },
    "node_modules/foundry-local-sdk-winml": {
      "version": "1.2.4",
      "resolved": "https://registry.npmjs.org/foundry-local-sdk-winml/-/foundry-local-sdk-winml-1.2.4.tgz",
      "integrity": "sha512-LAEMWMYrewtA/1NihDDkIHMPEZW9F23059TnrHjlLo2sRIlLwtMuwLs2f0RxbGasyipO+jpXuPwlVGqYz7MICA==",
      "hasInstallScript": true,
      "license": "MIT",
      "dependencies": {
        "foundry-local-sdk": "1.2.4"
      }
    },
    "node_modules/openai": {
      "version": "7.4.0",
      "resolved": "https://registry.npmjs.org/openai/-/openai-7.4.0.tgz",
      "integrity": "sha512-+C9Muit5x8j9R8ej8ZzVgKcrVDtqFqTy9gxFdov0EItLgU68zrJtF9ZeT0cyqJQW9S3PCJkdFgADtRGquRBtew==",
      "license": "Apache-2.0",
      "engines": {
        "node": ">=22.0.0"
      },
      "peerDependencies": {
        "@aws-sdk/credential-provider-node": ">=3.972.0 <4",
        "@smithy/hash-node": ">=4.3.0 <5",
        "@smithy/signature-v4": ">=5.4.0 <6",
        "ws": "^8.18.0",
        "zod": "^3.25 || ^4.0"
      },
      "peerDependenciesMeta": {
        "@aws-sdk/credential-provider-node": {
          "optional": true
        },
        "@smithy/hash-node": {
          "optional": true
        },
        "@smithy/signature-v4": {
          "optional": true
        },
        "ws": {
          "optional": true
        },
        "zod": {
          "optional": true
        }
      }
    }
  }
}
